
Microsoft Visual Studio Solution File, Format Version 12.00
# Visual Studio Version 17
VisualStudioVersion = 17.14.36301.6 d17.14
MinimumVisualStudioVersion = 10.0.40219.1
Project("{FAE04EC0-301F-11D3-BF4B-00C04F79EFBC}") = "Backend", "Backend\Backend.csproj", "{62F79972-9F13-489B-983E-571FF0264CC1}"
EndProject
Project("{FAE04EC0-301F-11D3-BF4B-00C04F79EFBC}") = "BackendTesting", "BackendTesting\BackendTesting.csproj", "{B017D445-AFAF-4A27-9CCD-6CE0AF338608}"
EndProject
Global
	GlobalSection(SolutionConfigurationPlatforms) = preSolution
		Debug|Any CPU = Debug|Any CPU
		Release|Any CPU = Release|Any CPU
	EndGlobalSection
	GlobalSection(ProjectConfigurationPlatforms) = postSolution
		{62F79972-9F13-489B-983E-571FF0264CC1}.Debug|Any CPU.ActiveCfg = Debug|Any CPU
		{62F79972-9F13-489B-983E-571FF0264CC1}.Debug|Any CPU.Build.0 = Debug|Any CPU
		{62F79972-9F13-489B-983E-571FF0264CC1}.Release|Any CPU.ActiveCfg = Release|Any CPU
		{62F79972-9F13-489B-983E-571FF0264CC1}.Release|Any CPU.Build.0 = Release|Any CPU
		{B017D445-AFAF-4A27-9CCD-6CE0AF338608}.Debug|Any CPU.ActiveCfg = Debug|Any CPU
		{B017D445-AFAF-4A27-9CCD-6CE0AF338608}.Debug|Any CPU.Build.0 = Debug|Any CPU
		{B017D445-AFAF-4A27-9CCD-6CE0AF338608}.Release|Any CPU.ActiveCfg = Release|Any CPU
		{B017D445-AFAF-4A27-9CCD-6CE0AF338608}.Release|Any CPU.Build.0 = Release|Any CPU
	EndGlobalSection
	GlobalSection(SolutionProperties) = preSolution
		HideSolutionNode = FALSE
	EndGlobalSection
	GlobalSection(ExtensibilityGlobals) = postSolution
		SolutionGuid = {E1F0D889-2D80-40C8-A4E7-E1F984AA194C}
	EndGlobalSection
EndGlobal
